
Microsoft Visual Studio Solution File, Format Version 12.00
# Visual Studio Version 17
VisualStudioVersion = 17.14.36408.4 d17.14
MinimumVisualStudioVersion = 10.0.40219.1
Project("{FAE04EC0-301F-11D3-BF4B-00C04F79EFBC}") = "EmployeeManagementBackend", "EmployeeManagementBackend\EmployeeManagementBackend.csproj", "{9639BB0D-C882-4473-9C0A-D66D8EC4A3BF}"
EndProject
Global
	GlobalSection(SolutionConfigurationPlatforms) = preSolution
		Debug|Any CPU = Debug|Any CPU
		Release|Any CPU = Release|Any CPU
	EndGlobalSection
	GlobalSection(ProjectConfigurationPlatforms) = postSolution
		{9639BB0D-C882-4473-9C0A-D66D8EC4A3BF}.Debug|Any CPU.ActiveCfg = Debug|Any CPU
		{9639BB0D-C882-4473-9C0A-D66D8EC4A3BF}.Debug|Any CPU.Build.0 = Debug|Any CPU
		{9639BB0D-C882-4473-9C0A-D66D8EC4A3BF}.Release|Any CPU.ActiveCfg = Release|Any CPU
		{9639BB0D-C882-4473-9C0A-D66D8EC4A3BF}.Release|Any CPU.Build.0 = Release|Any CPU
	EndGlobalSection
	GlobalSection(SolutionProperties) = preSolution
		HideSolutionNode = FALSE
	EndGlobalSection
	GlobalSection(ExtensibilityGlobals) = postSolution
		SolutionGuid = {57CCE55F-05C7-44A4-886A-D85853EDE2D2}
	EndGlobalSection
EndGlobal
